
Microsoft Visual Studio Solution File, Format Version 12.00
# Visual Studio Version 17
VisualStudioVersion = 17.0.31903.59
MinimumVisualStudioVersion = 10.0.40219.1
Project("{2150E333-8FDC-42A3-9474-1A3956D46DE8}") = "apps", "apps", "{1787FE1D-075E-9E68-7218-25F1BD1BBEAB}"
EndProject
Project("{FAE04EC0-301F-11D3-BF4B-00C04F79EFBC}") = "MyPost.Api", "apps\MyPost.Api\MyPost.Api.csproj", "{EAE6A331-93D1-4320-969F-C503853C08E9}"
EndProject
Project("{2150E333-8FDC-42A3-9474-1A3956D46DE8}") = "src", "src", "{827E0CD3-B72D-47B6-A68D-7590B98EB39B}"
EndProject
Project("{FAE04EC0-301F-11D3-BF4B-00C04F79EFBC}") = "MyPost.Application", "src\MyPost.Application\MyPost.Application.csproj", "{30667713-E46E-4B6E-A54D-7B3C5B0CB4D0}"
EndProject
Project("{FAE04EC0-301F-11D3-BF4B-00C04F79EFBC}") = "MyPost.Domain", "src\MyPost.Domain\MyPost.Domain.csproj", "{245AA40C-2FC4-4C0A-8AC2-0C9E3AAD0874}"
EndProject
Project("{FAE04EC0-301F-11D3-BF4B-00C04F79EFBC}") = "MyPost.Infrastructure", "src\MyPost.Infrastructure\MyPost.Infrastructure.csproj", "{1FF913B1-9451-4AE8-92E9-76FBEB1DE690}"
EndProject
Project("{FAE04EC0-301F-11D3-BF4B-00C04F79EFBC}") = "MyPost.Cli", "apps\MyPost.Cli\MyPost.Cli.csproj", "{75523653-39E4-4B1B-8E58-26ED3B2A84D3}"
EndProject
Project("{2150E333-8FDC-42A3-9474-1A3956D46DE8}") = "tests", "tests", "{0AB3BF05-4346-4AA6-1389-037BE0695223}"
EndProject
Project("{FAE04EC0-301F-11D3-BF4B-00C04F79EFBC}") = "MyPost.Domain.Tests", "tests\MyPost.Domain.Tests\MyPost.Domain.Tests.csproj", "{4A090224-2AC4-4C6F-B970-8DDC680F25B2}"
EndProject
Project("{FAE04EC0-301F-11D3-BF4B-00C04F79EFBC}") = "MyPost.Application.Tests", "tests\MyPost.Application.Tests\MyPost.Application.Tests.csproj", "{BD05A02E-726A-46B2-A8C6-71FED9C45EC5}"
EndProject
Project("{FAE04EC0-301F-11D3-BF4B-00C04F79EFBC}") = "MyPost.IntegrationTests", "tests\MyPost.IntegrationTests\MyPost.IntegrationTests.csproj", "{B81C7AFD-D0D6-4EDD-962C-FD57333C4475}"
EndProject
Project("{FAE04EC0-301F-11D3-BF4B-00C04F79EFBC}") = "ConsoleApp", "ConsoleApp\ConsoleApp.csproj", "{623C53E6-92B2-41D3-B712-1BDCCB0FC07E}"
EndProject
Project("{FAE04EC0-301F-11D3-BF4B-00C04F79EFBC}") = "ConsoleApp.Tests", "ConsoleApp.Tests\ConsoleApp.Tests.csproj", "{4DFE1CAF-DC87-468B-A1DA-D0DFDC63DBBF}"
EndProject
Global
	GlobalSection(SolutionConfigurationPlatforms) = preSolution
		Debug|Any CPU = Debug|Any CPU
		Debug|x64 = Debug|x64
		Debug|x86 = Debug|x86
		Release|Any CPU = Release|Any CPU
		Release|x64 = Release|x64
		Release|x86 = Release|x86
	EndGlobalSection
	GlobalSection(ProjectConfigurationPlatforms) = postSolution
		{EAE6A331-93D1-4320-969F-C503853C08E9}.Debug|Any CPU.ActiveCfg = Debug|Any CPU
		{EAE6A331-93D1-4320-969F-C503853C08E9}.Debug|Any CPU.Build.0 = Debug|Any CPU
		{EAE6A331-93D1-4320-969F-C503853C08E9}.Debug|x64.ActiveCfg = Debug|Any CPU
		{EAE6A331-93D1-4320-969F-C503853C08E9}.Debug|x64.Build.0 = Debug|Any CPU
		{EAE6A331-93D1-4320-969F-C503853C08E9}.Debug|x86.ActiveCfg = Debug|Any CPU
		{EAE6A331-93D1-4320-969F-C503853C08E9}.Debug|x86.Build.0 = Debug|Any CPU
		{EAE6A331-93D1-4320-969F-C503853C08E9}.Release|Any CPU.ActiveCfg = Release|Any CPU
		{EAE6A331-93D1-4320-969F-C503853C08E9}.Release|Any CPU.Build.0 = Release|Any CPU
		{EAE6A331-93D1-4320-969F-C503853C08E9}.Release|x64.ActiveCfg = Release|Any CPU
		{EAE6A331-93D1-4320-969F-C503853C08E9}.Release|x64.Build.0 = Release|Any CPU
		{EAE6A331-93D1-4320-969F-C503853C08E9}.Release|x86.ActiveCfg = Release|Any CPU
		{EAE6A331-93D1-4320-969F-C503853C08E9}.Release|x86.Build.0 = Release|Any CPU
		{30667713-E46E-4B6E-A54D-7B3C5B0CB4D0}.Debug|Any CPU.ActiveCfg = Debug|Any CPU
		{30667713-E46E-4B6E-A54D-7B3C5B0CB4D0}.Debug|Any CPU.Build.0 = Debug|Any CPU
		{30667713-E46E-4B6E-A54D-7B3C5B0CB4D0}.Debug|x64.ActiveCfg = Debug|Any CPU
		{30667713-E46E-4B6E-A54D-7B3C5B0CB4D0}.Debug|x64.Build.0 = Debug|Any CPU
		{30667713-E46E-4B6E-A54D-7B3C5B0CB4D0}.Debug|x86.ActiveCfg = Debug|Any CPU
		{30667713-E46E-4B6E-A54D-7B3C5B0CB4D0}.Debug|x86.Build.0 = Debug|Any CPU
		{30667713-E46E-4B6E-A54D-7B3C5B0CB4D0}.Release|Any CPU.ActiveCfg = Release|Any CPU
		{30667713-E46E-4B6E-A54D-7B3C5B0CB4D0}.Release|Any CPU.Build.0 = Release|Any CPU
		{30667713-E46E-4B6E-A54D-7B3C5B0CB4D0}.Release|x64.ActiveCfg = Release|Any CPU
		{30667713-E46E-4B6E-A54D-7B3C5B0CB4D0}.Release|x64.Build.0 = Release|Any CPU
		{30667713-E46E-4B6E-A54D-7B3C5B0CB4D0}.Release|x86.ActiveCfg = Release|Any CPU
		{30667713-E46E-4B6E-A54D-7B3C5B0CB4D0}.Release|x86.Build.0 = Release|Any CPU
		{245AA40C-2FC4-4C0A-8AC2-0C9E3AAD0874}.Debug|Any CPU.ActiveCfg = Debug|Any CPU
		{245AA40C-2FC4-4C0A-8AC2-0C9E3AAD0874}.Debug|Any CPU.Build.0 = Debug|Any CPU
		{245AA40C-2FC4-4C0A-8AC2-0C9E3AAD0874}.Debug|x64.ActiveCfg = Debug|Any CPU
		{245AA40C-2FC4-4C0A-8AC2-0C9E3AAD0874}.Debug|x64.Build.0 = Debug|Any CPU
		{245AA40C-2FC4-4C0A-8AC2-0C9E3AAD0874}.Debug|x86.ActiveCfg = Debug|Any CPU
		{245AA40C-2FC4-4C0A-8AC2-0C9E3AAD0874}.Debug|x86.Build.0 = Debug|Any CPU
		{245AA40C-2FC4-4C0A-8AC2-0C9E3AAD0874}.Release|Any CPU.ActiveCfg = Release|Any CPU
		{245AA40C-2FC4-4C0A-8AC2-0C9E3AAD0874}.Release|Any CPU.Build.0 = Release|Any CPU
		{245AA40C-2FC4-4C0A-8AC2-0C9E3AAD0874}.Release|x64.ActiveCfg = Release|Any CPU
		{245AA40C-2FC4-4C0A-8AC2-0C9E3AAD0874}.Release|x64.Build.0 = Release|Any CPU
		{245AA40C-2FC4-4C0A-8AC2-0C9E3AAD0874}.Release|x86.ActiveCfg = Release|Any CPU
		{245AA40C-2FC4-4C0A-8AC2-0C9E3AAD0874}.Release|x86.Build.0 = Release|Any CPU
		{1FF913B1-9451-4AE8-92E9-76FBEB1DE690}.Debug|Any CPU.ActiveCfg = Debug|Any CPU
		{1FF913B1-9451-4AE8-92E9-76FBEB1DE690}.Debug|Any CPU.Build.0 = Debug|Any CPU
		{1FF913B1-9451-4AE8-92E9-76FBEB1DE690}.Debug|x64.ActiveCfg = Debug|Any CPU
		{1FF913B1-9451-4AE8-92E9-76FBEB1DE690}.Debug|x64.Build.0 = Debug|Any CPU
		{1FF913B1-9451-4AE8-92E9-76FBEB1DE690}.Debug|x86.ActiveCfg = Debug|Any CPU
		{1FF913B1-9451-4AE8-92E9-76FBEB1DE690}.Debug|x86.Build.0 = Debug|Any CPU
		{1FF913B1-9451-4AE8-92E9-76FBEB1DE690}.Release|Any CPU.ActiveCfg = Release|Any CPU
		{1FF913B1-9451-4AE8-92E9-76FBEB1DE690}.Release|Any CPU.Build.0 = Release|Any CPU
		{1FF913B1-9451-4AE8-92E9-76FBEB1DE690}.Release|x64.ActiveCfg = Release|Any CPU
		{1FF913B1-9451-4AE8-92E9-76FBEB1DE690}.Release|x64.Build.0 = Release|Any CPU
		{1FF913B1-9451-4AE8-92E9-76FBEB1DE690}.Release|x86.ActiveCfg = Release|Any CPU
		{1FF913B1-9451-4AE8-92E9-76FBEB1DE690}.Release|x86.Build.0 = Release|Any CPU
		{75523653-39E4-4B1B-8E58-26ED3B2A84D3}.Debug|Any CPU.ActiveCfg = Debug|Any CPU
		{75523653-39E4-4B1B-8E58-26ED3B2A84D3}.Debug|Any CPU.Build.0 = Debug|Any CPU
		{75523653-39E4-4B1B-8E58-26ED3B2A84D3}.Debug|x64.ActiveCfg = Debug|Any CPU
		{75523653-39E4-4B1B-8E58-26ED3B2A84D3}.Debug|x64.Build.0 = Debug|Any CPU
		{75523653-39E4-4B1B-8E58-26ED3B2A84D3}.Debug|x86.ActiveCfg = Debug|Any CPU
		{75523653-39E4-4B1B-8E58-26ED3B2A84D3}.Debug|x86.Build.0 = Debug|Any CPU
		{75523653-39E4-4B1B-8E58-26ED3B2A84D3}.Release|Any CPU.ActiveCfg = Release|Any CPU
		{75523653-39E4-4B1B-8E58-26ED3B2A84D3}.Release|Any CPU.Build.0 = Release|Any CPU
		{75523653-39E4-4B1B-8E58-26ED3B2A84D3}.Release|x64.ActiveCfg = Release|Any CPU
		{75523653-39E4-4B1B-8E58-26ED3B2A84D3}.Release|x64.Build.0 = Release|Any CPU
		{75523653-39E4-4B1B-8E58-26ED3B2A84D3}.Release|x86.ActiveCfg = Release|Any CPU
		{75523653-39E4-4B1B-8E58-26ED3B2A84D3}.Release|x86.Build.0 = Release|Any CPU
		{4A090224-2AC4-4C6F-B970-8DDC680F25B2}.Debug|Any CPU.ActiveCfg = Debug|Any CPU
		{4A090224-2AC4-4C6F-B970-8DDC680F25B2}.Debug|Any CPU.Build.0 = Debug|Any CPU
		{4A090224-2AC4-4C6F-B970-8DDC680F25B2}.Debug|x64.ActiveCfg = Debug|Any CPU
		{4A090224-2AC4-4C6F-B970-8DDC680F25B2}.Debug|x64.Build.0 = Debug|Any CPU
		{4A090224-2AC4-4C6F-B970-8DDC680F25B2}.Debug|x86.ActiveCfg = Debug|Any CPU
		{4A090224-2AC4-4C6F-B970-8DDC680F25B2}.Debug|x86.Build.0 = Debug|Any CPU
		{4A090224-2AC4-4C6F-B970-8DDC680F25B2}.Release|Any CPU.ActiveCfg = Release|Any CPU
		{4A090224-2AC4-4C6F-B970-8DDC680F25B2}.Release|Any CPU.Build.0 = Release|Any CPU
		{4A090224-2AC4-4C6F-B970-8DDC680F25B2}.Release|x64.ActiveCfg = Release|Any CPU
		{4A090224-2AC4-4C6F-B970-8DDC680F25B2}.Release|x64.Build.0 = Release|Any CPU
		{4A090224-2AC4-4C6F-B970-8DDC680F25B2}.Release|x86.ActiveCfg = Release|Any CPU
		{4A090224-2AC4-4C6F-B970-8DDC680F25B2}.Release|x86.Build.0 = Release|Any CPU
		{BD05A02E-726A-46B2-A8C6-71FED9C45EC5}.Debug|Any CPU.ActiveCfg = Debug|Any CPU
		{BD05A02E-726A-46B2-A8C6-71FED9C45EC5}.Debug|Any CPU.Build.0 = Debug|Any CPU
		{BD05A02E-726A-46B2-A8C6-71FED9C45EC5}.Debug|x64.ActiveCfg = Debug|Any CPU
		{BD05A02E-726A-46B2-A8C6-71FED9C45EC5}.Debug|x64.Build.0 = Debug|Any CPU
		{BD05A02E-726A-46B2-A8C6-71FED9C45EC5}.Debug|x86.ActiveCfg = Debug|Any CPU
		{BD05A02E-726A-46B2-A8C6-71FED9C45EC5}.Debug|x86.Build.0 = Debug|Any CPU
		{BD05A02E-726A-46B2-A8C6-71FED9C45EC5}.Release|Any CPU.ActiveCfg = Release|Any CPU
		{BD05A02E-726A-46B2-A8C6-71FED9C45EC5}.Release|Any CPU.Build.0 = Release|Any CPU
		{BD05A02E-726A-46B2-A8C6-71FED9C45EC5}.Release|x64.ActiveCfg = Release|Any CPU
		{BD05A02E-726A-46B2-A8C6-71FED9C45EC5}.Release|x64.Build.0 = Release|Any CPU
		{BD05A02E-726A-46B2-A8C6-71FED9C45EC5}.Release|x86.ActiveCfg = Release|Any CPU
		{BD05A02E-726A-46B2-A8C6-71FED9C45EC5}.Release|x86.Build.0 = Release|Any CPU
		{B81C7AFD-D0D6-4EDD-962C-FD57333C4475}.Debug|Any CPU.ActiveCfg = Debug|Any CPU
		{B81C7AFD-D0D6-4EDD-962C-FD57333C4475}.Debug|Any CPU.Build.0 = Debug|Any CPU
		{B81C7AFD-D0D6-4EDD-962C-FD57333C4475}.Debug|x64.ActiveCfg = Debug|Any CPU
		{B81C7AFD-D0D6-4EDD-962C-FD57333C4475}.Debug|x64.Build.0 = Debug|Any CPU
		{B81C7AFD-D0D6-4EDD-962C-FD57333C4475}.Debug|x86.ActiveCfg = Debug|Any CPU
		{B81C7AFD-D0D6-4EDD-962C-FD57333C4475}.Debug|x86.Build.0 = Debug|Any CPU
		{B81C7AFD-D0D6-4EDD-962C-FD57333C4475}.Release|Any CPU.ActiveCfg = Release|Any CPU
		{B81C7AFD-D0D6-4EDD-962C-FD57333C4475}.Release|Any CPU.Build.0 = Release|Any CPU
		{B81C7AFD-D0D6-4EDD-962C-FD57333C4475}.Release|x64.ActiveCfg = Release|Any CPU
		{B81C7AFD-D0D6-4EDD-962C-FD57333C4475}.Release|x64.Build.0 = Release|Any CPU
		{B81C7AFD-D0D6-4EDD-962C-FD57333C4475}.Release|x86.ActiveCfg = Release|Any CPU
		{B81C7AFD-D0D6-4EDD-962C-FD57333C4475}.Release|x86.Build.0 = Release|Any CPU
		{623C53E6-92B2-41D3-B712-1BDCCB0FC07E}.Debug|Any CPU.ActiveCfg = Debug|Any CPU
		{623C53E6-92B2-41D3-B712-1BDCCB0FC07E}.Debug|Any CPU.Build.0 = Debug|Any CPU
		{623C53E6-92B2-41D3-B712-1BDCCB0FC07E}.Debug|x64.ActiveCfg = Debug|Any CPU
		{623C53E6-92B2-41D3-B712-1BDCCB0FC07E}.Debug|x64.Build.0 = Debug|Any CPU
		{623C53E6-92B2-41D3-B712-1BDCCB0FC07E}.Debug|x86.ActiveCfg = Debug|Any CPU
		{623C53E6-92B2-41D3-B712-1BDCCB0FC07E}.Debug|x86.Build.0 = Debug|Any CPU
		{623C53E6-92B2-41D3-B712-1BDCCB0FC07E}.Release|Any CPU.ActiveCfg = Release|Any CPU
		{623C53E6-92B2-41D3-B712-1BDCCB0FC07E}.Release|Any CPU.Build.0 = Release|Any CPU
		{623C53E6-92B2-41D3-B712-1BDCCB0FC07E}.Release|x64.ActiveCfg = Release|Any CPU
		{623C53E6-92B2-41D3-B712-1BDCCB0FC07E}.Release|x64.Build.0 = Release|Any CPU
		{623C53E6-92B2-41D3-B712-1BDCCB0FC07E}.Release|x86.ActiveCfg = Release|Any CPU
		{623C53E6-92B2-41D3-B712-1BDCCB0FC07E}.Release|x86.Build.0 = Release|Any CPU
		{4DFE1CAF-DC87-468B-A1DA-D0DFDC63DBBF}.Debug|Any CPU.ActiveCfg = Debug|Any CPU
		{4DFE1CAF-DC87-468B-A1DA-D0DFDC63DBBF}.Debug|Any CPU.Build.0 = Debug|Any CPU
		{4DFE1CAF-DC87-468B-A1DA-D0DFDC63DBBF}.Debug|x64.ActiveCfg = Debug|Any CPU
		{4DFE1CAF-DC87-468B-A1DA-D0DFDC63DBBF}.Debug|x64.Build.0 = Debug|Any CPU
		{4DFE1CAF-DC87-468B-A1DA-D0DFDC63DBBF}.Debug|x86.ActiveCfg = Debug|Any CPU
		{4DFE1CAF-DC87-468B-A1DA-D0DFDC63DBBF}.Debug|x86.Build.0 = Debug|Any CPU
		{4DFE1CAF-DC87-468B-A1DA-D0DFDC63DBBF}.Release|Any CPU.ActiveCfg = Release|Any CPU
		{4DFE1CAF-DC87-468B-A1DA-D0DFDC63DBBF}.Release|Any CPU.Build.0 = Release|Any CPU
		{4DFE1CAF-DC87-468B-A1DA-D0DFDC63DBBF}.Release|x64.ActiveCfg = Release|Any CPU
		{4DFE1CAF-DC87-468B-A1DA-D0DFDC63DBBF}.Release|x64.Build.0 = Release|Any CPU
		{4DFE1CAF-DC87-468B-A1DA-D0DFDC63DBBF}.Release|x86.ActiveCfg = Release|Any CPU
		{4DFE1CAF-DC87-468B-A1DA-D0DFDC63DBBF}.Release|x86.Build.0 = Release|Any CPU
	EndGlobalSection
	GlobalSection(SolutionProperties) = preSolution
		HideSolutionNode = FALSE
	EndGlobalSection
	GlobalSection(NestedProjects) = preSolution
		{EAE6A331-93D1-4320-969F-C503853C08E9} = {1787FE1D-075E-9E68-7218-25F1BD1BBEAB}
		{30667713-E46E-4B6E-A54D-7B3C5B0CB4D0} = {827E0CD3-B72D-47B6-A68D-7590B98EB39B}
		{245AA40C-2FC4-4C0A-8AC2-0C9E3AAD0874} = {827E0CD3-B72D-47B6-A68D-7590B98EB39B}
		{1FF913B1-9451-4AE8-92E9-76FBEB1DE690} = {827E0CD3-B72D-47B6-A68D-7590B98EB39B}
		{75523653-39E4-4B1B-8E58-26ED3B2A84D3} = {1787FE1D-075E-9E68-7218-25F1BD1BBEAB}
		{4A090224-2AC4-4C6F-B970-8DDC680F25B2} = {0AB3BF05-4346-4AA6-1389-037BE0695223}
		{BD05A02E-726A-46B2-A8C6-71FED9C45EC5} = {0AB3BF05-4346-4AA6-1389-037BE0695223}
		{B81C7AFD-D0D6-4EDD-962C-FD57333C4475} = {0AB3BF05-4346-4AA6-1389-037BE0695223}
	EndGlobalSection
EndGlobal
